// !$*UTF8*$!
{
	archiveVersion = 1;
	classes = {
	};
	objectVersion = 46;
	objects = {

/* Begin PBXBuildFile section */
		4EE5F5DF268A49CFA7A497E8 /* libPods.a in Frameworks */ = {isa = PBXBuildFile; fileRef = BA743A6C616E49B6A36F8FD7 /* libPods.a */; };
		8445317619FEEB210096F26E /* RouteMachine.swift in Sources */ = {isa = PBXBuildFile; fileRef = 8445317519FEEB210096F26E /* RouteMachine.swift */; };
		8445317A19FEEC8C0096F26E /* CoreLocation.framework in Frameworks */ = {isa = PBXBuildFile; fileRef = 8445317919FEEC8C0096F26E /* CoreLocation.framework */; };
		844531871A0023580096F26E /* DDLogWrapper.m in Sources */ = {isa = PBXBuildFile; fileRef = 844531861A0023580096F26E /* DDLogWrapper.m */; };
		8467175F1A01966C00851AD5 /* RouteMachineTests.swift in Sources */ = {isa = PBXBuildFile; fileRef = 8467175E1A01966C00851AD5 /* RouteMachineTests.swift */; };
		846717611A019A0700851AD5 /* HoneyBee.xcdatamodeld in Sources */ = {isa = PBXBuildFile; fileRef = 84D1555619D2733500316995 /* HoneyBee.xcdatamodeld */; };
		846717621A019A0A00851AD5 /* RouteMachine.swift in Sources */ = {isa = PBXBuildFile; fileRef = 8445317519FEEB210096F26E /* RouteMachine.swift */; };
		846717631A019A0D00851AD5 /* CoreDataController.swift in Sources */ = {isa = PBXBuildFile; fileRef = 84D1557919D2743900316995 /* CoreDataController.swift */; };
		846717641A019A1300851AD5 /* AppDelegate.swift in Sources */ = {isa = PBXBuildFile; fileRef = 84D1555419D2733500316995 /* AppDelegate.swift */; };
		846717651A019A1700851AD5 /* ViewController.swift in Sources */ = {isa = PBXBuildFile; fileRef = 84D1555919D2733500316995 /* ViewController.swift */; };
		8478621E1A267B6900176500 /* Info.plist in Resources */ = {isa = PBXBuildFile; fileRef = 84D1555319D2733500316995 /* Info.plist */; };
		847862201A267BB600176500 /* Info.plist in Resources */ = {isa = PBXBuildFile; fileRef = 8478621F1A267BB600176500 /* Info.plist */; };
		847A05651A01B2F1008F5371 /* Trip.swift in Sources */ = {isa = PBXBuildFile; fileRef = 847A05641A01B2F1008F5371 /* Trip.swift */; };
		847A05671A01B2FE008F5371 /* Location.swift in Sources */ = {isa = PBXBuildFile; fileRef = 847A05661A01B2FE008F5371 /* Location.swift */; };
		847A05681A01B2FE008F5371 /* Location.swift in Sources */ = {isa = PBXBuildFile; fileRef = 847A05661A01B2FE008F5371 /* Location.swift */; };
		847A05691A01B302008F5371 /* Trip.swift in Sources */ = {isa = PBXBuildFile; fileRef = 847A05641A01B2F1008F5371 /* Trip.swift */; };
		847A056F1A02E757008F5371 /* RoutesViewController.swift in Sources */ = {isa = PBXBuildFile; fileRef = 847A056E1A02E757008F5371 /* RoutesViewController.swift */; };
		847A05701A02E757008F5371 /* RoutesViewController.swift in Sources */ = {isa = PBXBuildFile; fileRef = 847A056E1A02E757008F5371 /* RoutesViewController.swift */; };
		84D1555519D2733500316995 /* AppDelegate.swift in Sources */ = {isa = PBXBuildFile; fileRef = 84D1555419D2733500316995 /* AppDelegate.swift */; };
		84D1555819D2733500316995 /* HoneyBee.xcdatamodeld in Sources */ = {isa = PBXBuildFile; fileRef = 84D1555619D2733500316995 /* HoneyBee.xcdatamodeld */; };
		84D1555A19D2733500316995 /* ViewController.swift in Sources */ = {isa = PBXBuildFile; fileRef = 84D1555919D2733500316995 /* ViewController.swift */; };
		84D1555D19D2733500316995 /* Main.storyboard in Resources */ = {isa = PBXBuildFile; fileRef = 84D1555B19D2733500316995 /* Main.storyboard */; };
		84D1555F19D2733500316995 /* Images.xcassets in Resources */ = {isa = PBXBuildFile; fileRef = 84D1555E19D2733500316995 /* Images.xcassets */; };
		84D1556219D2733500316995 /* LaunchScreen.xib in Resources */ = {isa = PBXBuildFile; fileRef = 84D1556019D2733500316995 /* LaunchScreen.xib */; };
		84D1556E19D2733500316995 /* HoneyBeeTests.swift in Sources */ = {isa = PBXBuildFile; fileRef = 84D1556D19D2733500316995 /* HoneyBeeTests.swift */; };
		84D1557819D2737D00316995 /* MapKit.framework in Frameworks */ = {isa = PBXBuildFile; fileRef = 84D1557719D2737D00316995 /* MapKit.framework */; };
		84D1557A19D2743900316995 /* CoreDataController.swift in Sources */ = {isa = PBXBuildFile; fileRef = 84D1557919D2743900316995 /* CoreDataController.swift */; };
		84D1557C19D274EB00316995 /* CoreMotion.framework in Frameworks */ = {isa = PBXBuildFile; fileRef = 84D1557B19D274EB00316995 /* CoreMotion.framework */; };
/* End PBXBuildFile section */

/* Begin PBXContainerItemProxy section */
		84D1556819D2733500316995 /* PBXContainerItemProxy */ = {
			isa = PBXContainerItemProxy;
			containerPortal = 84D1554719D2733500316995 /* Project object */;
			proxyType = 1;
			remoteGlobalIDString = 84D1554E19D2733500316995;
			remoteInfo = HoneyBee;
		};
/* End PBXContainerItemProxy section */

/* Begin PBXFileReference section */
		8445317519FEEB210096F26E /* RouteMachine.swift */ = {isa = PBXFileReference; fileEncoding = 4; lastKnownFileType = sourcecode.swift; path = RouteMachine.swift; sourceTree = "<group>"; };
		8445317919FEEC8C0096F26E /* CoreLocation.framework */ = {isa = PBXFileReference; lastKnownFileType = wrapper.framework; name = CoreLocation.framework; path = System/Library/Frameworks/CoreLocation.framework; sourceTree = SDKROOT; };
		844531811A001DA40096F26E /* HoneyBee-Bridging-Header.h */ = {isa = PBXFileReference; lastKnownFileType = sourcecode.c.h; path = "HoneyBee-Bridging-Header.h"; sourceTree = "<group>"; };
		844531851A0023580096F26E /* DDLogWrapper.h */ = {isa = PBXFileReference; fileEncoding = 4; lastKnownFileType = sourcecode.c.h; path = DDLogWrapper.h; sourceTree = "<group>"; };
		844531861A0023580096F26E /* DDLogWrapper.m */ = {isa = PBXFileReference; fileEncoding = 4; lastKnownFileType = sourcecode.c.objc; path = DDLogWrapper.m; sourceTree = "<group>"; };
		8467175E1A01966C00851AD5 /* RouteMachineTests.swift */ = {isa = PBXFileReference; fileEncoding = 4; lastKnownFileType = sourcecode.swift; path = RouteMachineTests.swift; sourceTree = "<group>"; };
		8478621F1A267BB600176500 /* Info.plist */ = {isa = PBXFileReference; fileEncoding = 4; lastKnownFileType = text.plist.xml; path = Info.plist; sourceTree = "<group>"; };
		847A05641A01B2F1008F5371 /* Trip.swift */ = {isa = PBXFileReference; fileEncoding = 4; lastKnownFileType = sourcecode.swift; name = Trip.swift; path = HoneyBee/Trip.swift; sourceTree = "<group>"; };
		847A05661A01B2FE008F5371 /* Location.swift */ = {isa = PBXFileReference; fileEncoding = 4; lastKnownFileType = sourcecode.swift; name = Location.swift; path = HoneyBee/Location.swift; sourceTree = "<group>"; };
		847A056E1A02E757008F5371 /* RoutesViewController.swift */ = {isa = PBXFileReference; fileEncoding = 4; lastKnownFileType = sourcecode.swift; path = RoutesViewController.swift; sourceTree = "<group>"; };
		84D1554F19D2733500316995 /* HoneyBee.app */ = {isa = PBXFileReference; explicitFileType = wrapper.application; includeInIndex = 0; path = HoneyBee.app; sourceTree = BUILT_PRODUCTS_DIR; };
		84D1555319D2733500316995 /* Info.plist */ = {isa = PBXFileReference; lastKnownFileType = text.plist.xml; path = Info.plist; sourceTree = "<group>"; };
		84D1555419D2733500316995 /* AppDelegate.swift */ = {isa = PBXFileReference; lastKnownFileType = sourcecode.swift; path = AppDelegate.swift; sourceTree = "<group>"; };
		84D1555719D2733500316995 /* HoneyBee.xcdatamodel */ = {isa = PBXFileReference; lastKnownFileType = wrapper.xcdatamodel; path = HoneyBee.xcdatamodel; sourceTree = "<group>"; };
		84D1555919D2733500316995 /* ViewController.swift */ = {isa = PBXFileReference; lastKnownFileType = sourcecode.swift; path = ViewController.swift; sourceTree = "<group>"; };
		84D1555C19D2733500316995 /* Base */ = {isa = PBXFileReference; lastKnownFileType = file.storyboard; name = Base; path = Base.lproj/Main.storyboard; sourceTree = "<group>"; };
		84D1555E19D2733500316995 /* Images.xcassets */ = {isa = PBXFileReference; lastKnownFileType = folder.assetcatalog; path = Images.xcassets; sourceTree = "<group>"; };
		84D1556119D2733500316995 /* Base */ = {isa = PBXFileReference; lastKnownFileType = file.xib; name = Base; path = Base.lproj/LaunchScreen.xib; sourceTree = "<group>"; };
		84D1556719D2733500316995 /* HoneyBeeTests.xctest */ = {isa = PBXFileReference; explicitFileType = wrapper.cfbundle; includeInIndex = 0; path = HoneyBeeTests.xctest; sourceTree = BUILT_PRODUCTS_DIR; };
		84D1556D19D2733500316995 /* HoneyBeeTests.swift */ = {isa = PBXFileReference; lastKnownFileType = sourcecode.swift; path = HoneyBeeTests.swift; sourceTree = "<group>"; };
		84D1557719D2737D00316995 /* MapKit.framework */ = {isa = PBXFileReference; lastKnownFileType = wrapper.framework; name = MapKit.framework; path = System/Library/Frameworks/MapKit.framework; sourceTree = SDKROOT; };
		84D1557919D2743900316995 /* CoreDataController.swift */ = {isa = PBXFileReference; fileEncoding = 4; lastKnownFileType = sourcecode.swift; path = CoreDataController.swift; sourceTree = "<group>"; };
		84D1557B19D274EB00316995 /* CoreMotion.framework */ = {isa = PBXFileReference; lastKnownFileType = wrapper.framework; name = CoreMotion.framework; path = System/Library/Frameworks/CoreMotion.framework; sourceTree = SDKROOT; };
		BA743A6C616E49B6A36F8FD7 /* libPods.a */ = {isa = PBXFileReference; explicitFileType = archive.ar; includeInIndex = 0; path = libPods.a; sourceTree = BUILT_PRODUCTS_DIR; };
		EF43D4D1D1634F41BD61FBA3 /* Pods.xcconfig */ = {isa = PBXFileReference; includeInIndex = 1; lastKnownFileType = text.xcconfig; name = Pods.xcconfig; path = Pods/Pods.xcconfig; sourceTree = "<group>"; };
/* End PBXFileReference section */

/* Begin PBXFrameworksBuildPhase section */
		84D1554C19D2733500316995 /* Frameworks */ = {
			isa = PBXFrameworksBuildPhase;
			buildActionMask = 2147483647;
			files = (
				8445317A19FEEC8C0096F26E /* CoreLocation.framework in Frameworks */,
				84D1557C19D274EB00316995 /* CoreMotion.framework in Frameworks */,
				84D1557819D2737D00316995 /* MapKit.framework in Frameworks */,
				4EE5F5DF268A49CFA7A497E8 /* libPods.a in Frameworks */,
			);
			runOnlyForDeploymentPostprocessing = 0;
		};
		84D1556419D2733500316995 /* Frameworks */ = {
			isa = PBXFrameworksBuildPhase;
			buildActionMask = 2147483647;
			files = (
			);
			runOnlyForDeploymentPostprocessing = 0;
		};
/* End PBXFrameworksBuildPhase section */

/* Begin PBXGroup section */
		1FF80F3C1C874B8ABE8DA81D /* Frameworks */ = {
			isa = PBXGroup;
			children = (
				BA743A6C616E49B6A36F8FD7 /* libPods.a */,
			);
			name = Frameworks;
			sourceTree = "<group>";
		};
		843C1C821A36704B0005CE1D /* Views */ = {
			isa = PBXGroup;
			children = (
			);
			name = Views;
			sourceTree = "<group>";
		};
		8445317719FEEB2A0096F26E /* Machines */ = {
			isa = PBXGroup;
			children = (
				8445317519FEEB210096F26E /* RouteMachine.swift */,
				84D1557919D2743900316995 /* CoreDataController.swift */,
			);
			name = Machines;
			sourceTree = "<group>";
		};
		8445317819FEEB4D0096F26E /* View Controllers */ = {
			isa = PBXGroup;
			children = (
				84D1555919D2733500316995 /* ViewController.swift */,
				847A056E1A02E757008F5371 /* RoutesViewController.swift */,
			);
			name = "View Controllers";
			sourceTree = "<group>";
		};
		8445317B19FF031D0096F26E /* Model */ = {
			isa = PBXGroup;
			children = (
				847A05661A01B2FE008F5371 /* Location.swift */,
				847A05641A01B2F1008F5371 /* Trip.swift */,
				84D1555619D2733500316995 /* HoneyBee.xcdatamodeld */,
			);
			name = Model;
			path = ..;
			sourceTree = "<group>";
		};
		8467175B1A01729C00851AD5 /* GPX Files */ = {
			isa = PBXGroup;
			children = (
			);
			name = "GPX Files";
			sourceTree = "<group>";
		};
		84D1554619D2733500316995 = {
			isa = PBXGroup;
			children = (
				8445317919FEEC8C0096F26E /* CoreLocation.framework */,
				84D1557B19D274EB00316995 /* CoreMotion.framework */,
				84D1557719D2737D00316995 /* MapKit.framework */,
				84D1555119D2733500316995 /* HoneyBee */,
				84D1556A19D2733500316995 /* HoneyBeeTests */,
				84D1555019D2733500316995 /* Products */,
				EF43D4D1D1634F41BD61FBA3 /* Pods.xcconfig */,
				1FF80F3C1C874B8ABE8DA81D /* Frameworks */,
			);
			sourceTree = "<group>";
		};
		84D1555019D2733500316995 /* Products */ = {
			isa = PBXGroup;
			children = (
				84D1554F19D2733500316995 /* HoneyBee.app */,
				84D1556719D2733500316995 /* HoneyBeeTests.xctest */,
			);
			name = Products;
			sourceTree = "<group>";
		};
		84D1555119D2733500316995 /* HoneyBee */ = {
			isa = PBXGroup;
			children = (
				843C1C821A36704B0005CE1D /* Views */,
				84D1555419D2733500316995 /* AppDelegate.swift */,
				8445317B19FF031D0096F26E /* Model */,
				8445317719FEEB2A0096F26E /* Machines */,
				8445317819FEEB4D0096F26E /* View Controllers */,
				84D1555B19D2733500316995 /* Main.storyboard */,
				84D1555E19D2733500316995 /* Images.xcassets */,
				84D1556019D2733500316995 /* LaunchScreen.xib */,
				84D1555219D2733500316995 /* Supporting Files */,
			);
			path = HoneyBee;
			sourceTree = "<group>";
		};
		84D1555219D2733500316995 /* Supporting Files */ = {
			isa = PBXGroup;
			children = (
				844531811A001DA40096F26E /* HoneyBee-Bridging-Header.h */,
				844531851A0023580096F26E /* DDLogWrapper.h */,
				844531861A0023580096F26E /* DDLogWrapper.m */,
				84D1555319D2733500316995 /* Info.plist */,
			);
			name = "Supporting Files";
			sourceTree = "<group>";
		};
		84D1556A19D2733500316995 /* HoneyBeeTests */ = {
			isa = PBXGroup;
			children = (
				8478621F1A267BB600176500 /* Info.plist */,
				8467175B1A01729C00851AD5 /* GPX Files */,
				84D1556D19D2733500316995 /* HoneyBeeTests.swift */,
				8467175E1A01966C00851AD5 /* RouteMachineTests.swift */,
				84D1556B19D2733500316995 /* Supporting Files */,
			);
			path = HoneyBeeTests;
			sourceTree = "<group>";
		};
		84D1556B19D2733500316995 /* Supporting Files */ = {
			isa = PBXGroup;
			children = (
			);
			name = "Supporting Files";
			sourceTree = "<group>";
		};
/* End PBXGroup section */

/* Begin PBXNativeTarget section */
		84D1554E19D2733500316995 /* HoneyBee */ = {
			isa = PBXNativeTarget;
			buildConfigurationList = 84D1557119D2733500316995 /* Build configuration list for PBXNativeTarget "HoneyBee" */;
			buildPhases = (
				5A2FC0655394483EA886BF4B /* Check Pods Manifest.lock */,
				84D1554B19D2733500316995 /* Sources */,
				84D1554C19D2733500316995 /* Frameworks */,
				84D1554D19D2733500316995 /* Resources */,
				A005ED2935594E5E9AA996D4 /* Copy Pods Resources */,
			);
			buildRules = (
			);
			dependencies = (
			);
			name = HoneyBee;
			productName = HoneyBee;
			productReference = 84D1554F19D2733500316995 /* HoneyBee.app */;
			productType = "com.apple.product-type.application";
		};
		84D1556619D2733500316995 /* HoneyBeeTests */ = {
			isa = PBXNativeTarget;
			buildConfigurationList = 84D1557419D2733500316995 /* Build configuration list for PBXNativeTarget "HoneyBeeTests" */;
			buildPhases = (
				84D1556319D2733500316995 /* Sources */,
				84D1556419D2733500316995 /* Frameworks */,
				84D1556519D2733500316995 /* Resources */,
			);
			buildRules = (
			);
			dependencies = (
				84D1556919D2733500316995 /* PBXTargetDependency */,
			);
			name = HoneyBeeTests;
			productName = HoneyBeeTests;
			productReference = 84D1556719D2733500316995 /* HoneyBeeTests.xctest */;
			productType = "com.apple.product-type.bundle.unit-test";
		};
/* End PBXNativeTarget section */

/* Begin PBXProject section */
		84D1554719D2733500316995 /* Project object */ = {
			isa = PBXProject;
			attributes = {
				LastUpgradeCheck = 0610;
				ORGANIZATIONNAME = "Knock Softwae, Inc";
				TargetAttributes = {
					84D1554E19D2733500316995 = {
						CreatedOnToolsVersion = 6.1;
					};
					84D1556619D2733500316995 = {
						CreatedOnToolsVersion = 6.1;
						TestTargetID = 84D1554E19D2733500316995;
					};
				};
			};
			buildConfigurationList = 84D1554A19D2733500316995 /* Build configuration list for PBXProject "HoneyBee" */;
			compatibilityVersion = "Xcode 3.2";
			developmentRegion = English;
			hasScannedForEncodings = 0;
			knownRegions = (
				en,
				Base,
			);
			mainGroup = 84D1554619D2733500316995;
			productRefGroup = 84D1555019D2733500316995 /* Products */;
			projectDirPath = "";
			projectRoot = "";
			targets = (
				84D1554E19D2733500316995 /* HoneyBee */,
				84D1556619D2733500316995 /* HoneyBeeTests */,
			);
		};
/* End PBXProject section */

/* Begin PBXResourcesBuildPhase section */
		84D1554D19D2733500316995 /* Resources */ = {
			isa = PBXResourcesBuildPhase;
			buildActionMask = 2147483647;
			files = (
				8478621E1A267B6900176500 /* Info.plist in Resources */,
				84D1555D19D2733500316995 /* Main.storyboard in Resources */,
				84D1556219D2733500316995 /* LaunchScreen.xib in Resources */,
				84D1555F19D2733500316995 /* Images.xcassets in Resources */,
			);
			runOnlyForDeploymentPostprocessing = 0;
		};
		84D1556519D2733500316995 /* Resources */ = {
			isa = PBXResourcesBuildPhase;
			buildActionMask = 2147483647;
			files = (
				847862201A267BB600176500 /* Info.plist in Resources */,
			);
			runOnlyForDeploymentPostprocessing = 0;
		};
/* End PBXResourcesBuildPhase section */

/* Begin PBXShellScriptBuildPhase section */
		5A2FC0655394483EA886BF4B /* Check Pods Manifest.lock */ = {
			isa = PBXShellScriptBuildPhase;
			buildActionMask = 2147483647;
			files = (
			);
			inputPaths = (
			);
			name = "Check Pods Manifest.lock";
			outputPaths = (
			);
			runOnlyForDeploymentPostprocessing = 0;
			shellPath = /bin/sh;
			shellScript = "diff \"${PODS_ROOT}/../Podfile.lock\" \"${PODS_ROOT}/Manifest.lock\" > /dev/null\nif [[ $? != 0 ]] ; then\n    cat << EOM\nerror: The sandbox is not in sync with the Podfile.lock. Run 'pod install' or update your CocoaPods installation.\nEOM\n    exit 1\nfi\n";
			showEnvVarsInLog = 0;
		};
		A005ED2935594E5E9AA996D4 /* Copy Pods Resources */ = {
			isa = PBXShellScriptBuildPhase;
			buildActionMask = 2147483647;
			files = (
			);
			inputPaths = (
			);
			name = "Copy Pods Resources";
			outputPaths = (
			);
			runOnlyForDeploymentPostprocessing = 0;
			shellPath = /bin/sh;
			shellScript = "\"${SRCROOT}/Pods/Pods-resources.sh\"\n";
			showEnvVarsInLog = 0;
		};
/* End PBXShellScriptBuildPhase section */

/* Begin PBXSourcesBuildPhase section */
		84D1554B19D2733500316995 /* Sources */ = {
			isa = PBXSourcesBuildPhase;
			buildActionMask = 2147483647;
			files = (
				8445317619FEEB210096F26E /* RouteMachine.swift in Sources */,
				847A056F1A02E757008F5371 /* RoutesViewController.swift in Sources */,
				84D1555A19D2733500316995 /* ViewController.swift in Sources */,
				84D1555819D2733500316995 /* HoneyBee.xcdatamodeld in Sources */,
				844531871A0023580096F26E /* DDLogWrapper.m in Sources */,
				847A05671A01B2FE008F5371 /* Location.swift in Sources */,
				847A05651A01B2F1008F5371 /* Trip.swift in Sources */,
				84D1557A19D2743900316995 /* CoreDataController.swift in Sources */,
				84D1555519D2733500316995 /* AppDelegate.swift in Sources */,
			);
			runOnlyForDeploymentPostprocessing = 0;
		};
		84D1556319D2733500316995 /* Sources */ = {
			isa = PBXSourcesBuildPhase;
			buildActionMask = 2147483647;
			files = (
				846717621A019A0A00851AD5 /* RouteMachine.swift in Sources */,
				846717611A019A0700851AD5 /* HoneyBee.xcdatamodeld in Sources */,
				846717631A019A0D00851AD5 /* CoreDataController.swift in Sources */,
				847A05691A01B302008F5371 /* Trip.swift in Sources */,
				847A05701A02E757008F5371 /* RoutesViewController.swift in Sources */,
				84D1556E19D2733500316995 /* HoneyBeeTests.swift in Sources */,
				847A05681A01B2FE008F5371 /* Location.swift in Sources */,
				846717641A019A1300851AD5 /* AppDelegate.swift in Sources */,
				846717651A019A1700851AD5 /* ViewController.swift in Sources */,
				8467175F1A01966C00851AD5 /* RouteMachineTests.swift in Sources */,
			);
			runOnlyForDeploymentPostprocessing = 0;
		};
/* End PBXSourcesBuildPhase section */

/* Begin PBXTargetDependency section */
		84D1556919D2733500316995 /* PBXTargetDependency */ = {
			isa = PBXTargetDependency;
			target = 84D1554E19D2733500316995 /* HoneyBee */;
			targetProxy = 84D1556819D2733500316995 /* PBXContainerItemProxy */;
		};
/* End PBXTargetDependency section */

/* Begin PBXVariantGroup section */
		84D1555B19D2733500316995 /* Main.storyboard */ = {
			isa = PBXVariantGroup;
			children = (
				84D1555C19D2733500316995 /* Base */,
			);
			name = Main.storyboard;
			sourceTree = "<group>";
		};
		84D1556019D2733500316995 /* LaunchScreen.xib */ = {
			isa = PBXVariantGroup;
			children = (
				84D1556119D2733500316995 /* Base */,
			);
			name = LaunchScreen.xib;
			sourceTree = "<group>";
		};
/* End PBXVariantGroup section */

/* Begin XCBuildConfiguration section */
		84D1556F19D2733500316995 /* Debug */ = {
			isa = XCBuildConfiguration;
			buildSettings = {
				ALWAYS_SEARCH_USER_PATHS = NO;
				CLANG_CXX_LANGUAGE_STANDARD = "gnu++0x";
				CLANG_CXX_LIBRARY = "libc++";
				CLANG_ENABLE_MODULES = YES;
				CLANG_ENABLE_OBJC_ARC = YES;
				CLANG_WARN_BOOL_CONVERSION = YES;
				CLANG_WARN_CONSTANT_CONVERSION = YES;
				CLANG_WARN_DIRECT_OBJC_ISA_USAGE = YES_ERROR;
				CLANG_WARN_EMPTY_BODY = YES;
				CLANG_WARN_ENUM_CONVERSION = YES;
				CLANG_WARN_INT_CONVERSION = YES;
				CLANG_WARN_OBJC_ROOT_CLASS = YES_ERROR;
				CLANG_WARN_UNREACHABLE_CODE = YES;
				CLANG_WARN__DUPLICATE_METHOD_MATCH = YES;
				"CODE_SIGN_IDENTITY[sdk=iphoneos*]" = "iPhone Developer";
				COPY_PHASE_STRIP = NO;
				ENABLE_STRICT_OBJC_MSGSEND = YES;
				GCC_C_LANGUAGE_STANDARD = gnu99;
				GCC_DYNAMIC_NO_PIC = NO;
				GCC_OPTIMIZATION_LEVEL = 0;
				GCC_PREPROCESSOR_DEFINITIONS = (
					"DEBUG=1",
					"$(inherited)",
				);
				GCC_SYMBOLS_PRIVATE_EXTERN = NO;
				GCC_WARN_64_TO_32_BIT_CONVERSION = YES;
				GCC_WARN_ABOUT_RETURN_TYPE = YES_ERROR;
				GCC_WARN_UNDECLARED_SELECTOR = YES;
				GCC_WARN_UNINITIALIZED_AUTOS = YES_AGGRESSIVE;
				GCC_WARN_UNUSED_FUNCTION = YES;
				GCC_WARN_UNUSED_VARIABLE = YES;
				IPHONEOS_DEPLOYMENT_TARGET = 8.0;
				MTL_ENABLE_DEBUG_INFO = YES;
				ONLY_ACTIVE_ARCH = YES;
				SDKROOT = iphoneos;
				SWIFT_OPTIMIZATION_LEVEL = "-Onone";
				TARGETED_DEVICE_FAMILY = "1,2";
			};
			name = Debug;
		};
		84D1557019D2733500316995 /* Release */ = {
			isa = XCBuildConfiguration;
			buildSettings = {
				ALWAYS_SEARCH_USER_PATHS = NO;
				CLANG_CXX_LANGUAGE_STANDARD = "gnu++0x";
				CLANG_CXX_LIBRARY = "libc++";
				CLANG_ENABLE_MODULES = YES;
				CLANG_ENABLE_OBJC_ARC = YES;
				CLANG_WARN_BOOL_CONVERSION = YES;
				CLANG_WARN_CONSTANT_CONVERSION = YES;
				CLANG_WARN_DIRECT_OBJC_ISA_USAGE = YES_ERROR;
				CLANG_WARN_EMPTY_BODY = YES;
				CLANG_WARN_ENUM_CONVERSION = YES;
				CLANG_WARN_INT_CONVERSION = YES;
				CLANG_WARN_OBJC_ROOT_CLASS = YES_ERROR;
				CLANG_WARN_UNREACHABLE_CODE = YES;
				CLANG_WARN__DUPLICATE_METHOD_MATCH = YES;
				"CODE_SIGN_IDENTITY[sdk=iphoneos*]" = "iPhone Developer";
				COPY_PHASE_STRIP = YES;
				ENABLE_NS_ASSERTIONS = NO;
				ENABLE_STRICT_OBJC_MSGSEND = YES;
				GCC_C_LANGUAGE_STANDARD = gnu99;
				GCC_WARN_64_TO_32_BIT_CONVERSION = YES;
				GCC_WARN_ABOUT_RETURN_TYPE = YES_ERROR;
				GCC_WARN_UNDECLARED_SELECTOR = YES;
				GCC_WARN_UNINITIALIZED_AUTOS = YES_AGGRESSIVE;
				GCC_WARN_UNUSED_FUNCTION = YES;
				GCC_WARN_UNUSED_VARIABLE = YES;
				IPHONEOS_DEPLOYMENT_TARGET = 8.0;
				MTL_ENABLE_DEBUG_INFO = NO;
				SDKROOT = iphoneos;
				TARGETED_DEVICE_FAMILY = "1,2";
				VALIDATE_PRODUCT = YES;
			};
			name = Release;
		};
		84D1557219D2733500316995 /* Debug */ = {
			isa = XCBuildConfiguration;
			baseConfigurationReference = EF43D4D1D1634F41BD61FBA3 /* Pods.xcconfig */;
			buildSettings = {
				ASSETCATALOG_COMPILER_APPICON_NAME = AppIcon;
				CLANG_ENABLE_MODULES = YES;
				INFOPLIST_FILE = HoneyBee/Info.plist;
				LD_RUNPATH_SEARCH_PATHS = "$(inherited) @executable_path/Frameworks";
				OTHER_SWIFT_FLAGS = "-D DEBUG";
				PRODUCT_NAME = "$(TARGET_NAME)";
				SWIFT_OBJC_BRIDGING_HEADER = "HoneyBee/HoneyBee-Bridging-Header.h";
				SWIFT_OPTIMIZATION_LEVEL = "-Onone";
			};
			name = Debug;
		};
		84D1557319D2733500316995 /* Release */ = {
			isa = XCBuildConfiguration;
			baseConfigurationReference = EF43D4D1D1634F41BD61FBA3 /* Pods.xcconfig */;
			buildSettings = {
				ASSETCATALOG_COMPILER_APPICON_NAME = AppIcon;
				CLANG_ENABLE_MODULES = YES;
				INFOPLIST_FILE = HoneyBee/Info.plist;
				LD_RUNPATH_SEARCH_PATHS = "$(inherited) @executable_path/Frameworks";
				OTHER_SWIFT_FLAGS = "";
				PRODUCT_NAME = "$(TARGET_NAME)";
				SWIFT_OBJC_BRIDGING_HEADER = "HoneyBee/HoneyBee-Bridging-Header.h";
			};
			name = Release;
		};
		84D1557519D2733500316995 /* Debug */ = {
			isa = XCBuildConfiguration;
			baseConfigurationReference = EF43D4D1D1634F41BD61FBA3 /* Pods.xcconfig */;
			buildSettings = {
				BUNDLE_LOADER = "$(TEST_HOST)";
				FRAMEWORK_SEARCH_PATHS = (
					"$(SDKROOT)/Developer/Library/Frameworks",
					"$(inherited)",
				);
				GCC_PREPROCESSOR_DEFINITIONS = (
					"DEBUG=1",
					"$(inherited)",
				);
				INFOPLIST_FILE = HoneyBeeTests/Info.plist;
				LD_RUNPATH_SEARCH_PATHS = "$(inherited) @executable_path/Frameworks @loader_path/Frameworks";
				PRODUCT_NAME = "$(TARGET_NAME)";
				SWIFT_OBJC_BRIDGING_HEADER = "HoneyBee/HoneyBee-Bridging-Header.h";
				TEST_HOST = "$(BUILT_PRODUCTS_DIR)/HoneyBee.app/HoneyBee";
			};
			name = Debug;
		};
		84D1557619D2733500316995 /* Release */ = {
			isa = XCBuildConfiguration;
			baseConfigurationReference = EF43D4D1D1634F41BD61FBA3 /* Pods.xcconfig */;
			buildSettings = {
				BUNDLE_LOADER = "$(TEST_HOST)";
				FRAMEWORK_SEARCH_PATHS = (
					"$(SDKROOT)/Developer/Library/Frameworks",
					"$(inherited)",
				);
				INFOPLIST_FILE = HoneyBeeTests/Info.plist;
				LD_RUNPATH_SEARCH_PATHS = "$(inherited) @executable_path/Frameworks @loader_path/Frameworks";
				PRODUCT_NAME = "$(TARGET_NAME)";
				SWIFT_OBJC_BRIDGING_HEADER = "HoneyBee/HoneyBee-Bridging-Header.h";
				TEST_HOST = "$(BUILT_PRODUCTS_DIR)/HoneyBee.app/HoneyBee";
			};
			name = Release;
		};
/* End XCBuildConfiguration section */

/* Begin XCConfigurationList section */
		84D1554A19D2733500316995 /* Build configuration list for PBXProject "HoneyBee" */ = {
			isa = XCConfigurationList;
			buildConfigurations = (
				84D1556F19D2733500316995 /* Debug */,
				84D1557019D2733500316995 /* Release */,
			);
			defaultConfigurationIsVisible = 0;
			defaultConfigurationName = Release;
		};
		84D1557119D2733500316995 /* Build configuration list for PBXNativeTarget "HoneyBee" */ = {
			isa = XCConfigurationList;
			buildConfigurations = (
				84D1557219D2733500316995 /* Debug */,
				84D1557319D2733500316995 /* Release */,
			);
			defaultConfigurationIsVisible = 0;
			defaultConfigurationName = Release;
		};
		84D1557419D2733500316995 /* Build configuration list for PBXNativeTarget "HoneyBeeTests" */ = {
			isa = XCConfigurationList;
			buildConfigurations = (
				84D1557519D2733500316995 /* Debug */,
				84D1557619D2733500316995 /* Release */,
			);
			defaultConfigurationIsVisible = 0;
			defaultConfigurationName = Release;
		};
/* End XCConfigurationList section */

/* Begin XCVersionGroup section */
		84D1555619D2733500316995 /* HoneyBee.xcdatamodeld */ = {
			isa = XCVersionGroup;
			children = (
				84D1555719D2733500316995 /* HoneyBee.xcdatamodel */,
			);
			currentVersion = 84D1555719D2733500316995 /* HoneyBee.xcdatamodel */;
			name = HoneyBee.xcdatamodeld;
			path = HoneyBee/HoneyBee.xcdatamodeld;
			sourceTree = "<group>";
			versionGroupType = wrapper.xcdatamodel;
		};
/* End XCVersionGroup section */
	};
	rootObject = 84D1554719D2733500316995 /* Project object */;
}
