PODS:
  - Alamofire (4.4.0)
  - BadgeSwift (5.0.1)
  - Bolts (1.8.4):
    - Bolts/AppLinks (= 1.8.4)
    - Bolts/Tasks (= 1.8.4)
  - Bolts/AppLinks (1.8.4):
    - Bolts/Tasks
  - Bolts/Tasks (1.8.4)
  - Charts (3.0.4):
    - Charts/Core (= 3.0.4)
  - Charts/Core (3.0.4)
  - CocoaLumberjack/Default (3.2.1)
  - CocoaLumberjack/Swift (3.2.1):
    - CocoaLumberjack/Default
  - Crashlytics (3.9.3):
    - Fabric (~> 1.7.2)
  - Eureka (4.1.1)
  - Fabric (1.7.2)
  - FBSDKCoreKit (4.29.0):
    - Bolts (~> 1.7)
  - FBSDKLoginKit (4.29.0):
    - FBSDKCoreKit
  - FBSDKShareKit (4.29.0):
    - FBSDKCoreKit
  - GzipSwift (4.0.4)
  - KeychainAccess (3.0.2)
  - Kingfisher (3.5.2)
  - Mapbox-iOS-SDK (3.6.3)
  - Mapbox-iOS-SDK-symbols (3.6.3-symbols)
  - Mixpanel-swift (2.3.0):
    - Mixpanel-swift/Complete (= 2.3.0)
  - Mixpanel-swift/Complete (2.3.0)
  - Mockingjay (2.0.1):
    - Mockingjay/Core (= 2.0.1)
    - Mockingjay/XCTest (= 2.0.1)
  - Mockingjay/Core (2.0.1):
    - URITemplate (~> 2.0)
  - Mockingjay/XCTest (2.0.1):
    - Mockingjay/Core
  - OAuthSwift (1.1.1)
  - Presentr (1.3)
  - SwiftMessages (4.1.0)
  - SwiftyJSON (3.1.4)
  - UIImageColors (1.4.0)
  - URITemplate (2.0.3)
  - WebLinking (2.0.0)

DEPENDENCIES:
  - Alamofire
  - BadgeSwift
  - Charts
  - CocoaLumberjack/Swift
  - Crashlytics
  - Eureka
  - Fabric
  - FBSDKCoreKit
  - FBSDKLoginKit
  - FBSDKShareKit
  - GzipSwift
  - KeychainAccess
  - Kingfisher
  - Mapbox-iOS-SDK
  - Mapbox-iOS-SDK-symbols (from `https://raw.githubusercontent.com/mapbox/mapbox-gl-native/ios-v3.6.3/platform/ios/Mapbox-iOS-SDK-symbols.podspec`)
  - Mixpanel-swift
  - Mockingjay
  - Mockingjay/Core
  - OAuthSwift
  - Presentr
  - SwiftMessages
  - SwiftyJSON
  - UIImageColors
  - WebLinking

EXTERNAL SOURCES:
  Mapbox-iOS-SDK-symbols:
    :podspec: https://raw.githubusercontent.com/mapbox/mapbox-gl-native/ios-v3.6.3/platform/ios/Mapbox-iOS-SDK-symbols.podspec

SPEC CHECKSUMS:
  Alamofire: dc44b1600b800eb63da6a19039a0083d62a6a62d
  BadgeSwift: 3defa56f504bfb46f2300122c4a565ec9e405c1e
  Bolts: 8a7995239dbe724f9cba2248b766d48b7ebdd322
  Charts: 0705898046257443f0afbbc3179f4b67507b6e48
  CocoaLumberjack: 2800c03334042fe80589423c8d80e582dcaec482
  Crashlytics: dbb07d01876c171c5ccbdf7826410380189e452c
  Eureka: b88fb930e42c79f8c03c373d0fcdc28c1d6c50ed
  Fabric: 9cd6a848efcf1b8b07497e0b6a2e7d336353ba15
  FBSDKCoreKit: 6f139173dc63a1deaff4430a55f2fe5bb222d2af
  FBSDKLoginKit: 56a057ca6822535ea0faa25f57a7c41edb697fd4
  FBSDKShareKit: 18a2cd118aef11dd657fe7e8b64bae5c719088b2
  GzipSwift: 1a5bc5f7827e09846b0635b5079f1224bc3b1c3a
  KeychainAccess: a986406022dfc7c634c691ad3bec670cc6a32002
  Kingfisher: 9950e382c500b6834ce004c7c4131c444e90c3a1
  Mapbox-iOS-SDK: 27805cb5f36d2bffe732b1d392278f4e408d06d2
  Mapbox-iOS-SDK-symbols: c3a077d2d84ddde5e6a487eed5261a035808f3f4
  Mixpanel-swift: 9b0af868125d06db8476361429f0f404c81959dd
  Mockingjay: 11a621880d2887f1775bdcf824341eb68f218450
  OAuthSwift: 6e3a103b3e5639411769cc7e199ec7e14bd1547f
  Presentr: 3f0825a42cb32ecd8fc6b6d0b0de87d7d0b42482
  SwiftMessages: 1bacc783c8f10bdfdc57c14860cae8a1f1fa6591
  SwiftyJSON: c2842d878f95482ffceec5709abc3d05680c0220
  UIImageColors: 1f891e1a3224efebb01ad476df3a5aed4220ee24
  URITemplate: ace0c4c46dcf8afe6e89b4060621852886b15c3b
  WebLinking: b476999d59f78bd6649e6754d60693a7d147b00c

PODFILE CHECKSUM: 3a2862809f7ede62061f50c0d94f1c75cacbc722

COCOAPODS: 1.3.1
