PODS:
  - Alamofire (4.4.0)
  - BadgeSwift (5.0.1)
  - Bolts (1.8.4):
    - Bolts/AppLinks (= 1.8.4)
    - Bolts/Tasks (= 1.8.4)
  - Bolts/AppLinks (1.8.4):
    - Bolts/Tasks
  - Bolts/Tasks (1.8.4)
  - Charts (3.0.2):
    - Charts/Core (= 3.0.2)
  - Charts/Core (3.0.2)
  - CocoaLumberjack/Default (3.2.1)
  - CocoaLumberjack/Swift (3.2.1):
    - CocoaLumberjack/Default
  - Crashlytics (3.8.4):
    - Fabric (~> 1.6.3)
  - Eureka (4.0.1)
  - Fabric (1.6.13)
  - FBSDKCoreKit (4.20.1):
    - Bolts (~> 1.7)
  - FBSDKLoginKit (4.20.1):
    - FBSDKCoreKit
  - FBSDKShareKit (4.20.1):
    - FBSDKCoreKit
  - GzipSwift (4.0.0)
  - KeychainAccess (3.0.2)
  - Kingfisher (3.5.2)
  - Mapbox-iOS-SDK (3.6.3)
  - Mapbox-iOS-SDK-symbols (3.6.3-symbols)
  - Mixpanel-swift (2.2.1)
  - OAuthSwift (1.1.1)
  - OHHTTPStubs/Core (6.0.0)
  - OHHTTPStubs/Default (6.0.0):
    - OHHTTPStubs/Core
    - OHHTTPStubs/JSON
    - OHHTTPStubs/NSURLSession
    - OHHTTPStubs/OHPathHelpers
  - OHHTTPStubs/JSON (6.0.0):
    - OHHTTPStubs/Core
  - OHHTTPStubs/NSURLSession (6.0.0):
    - OHHTTPStubs/Core
  - OHHTTPStubs/OHPathHelpers (6.0.0)
  - OHHTTPStubs/Swift (6.0.0):
    - OHHTTPStubs/Default
  - Presentr (1.2.3)
  - SwiftyJSON (3.1.4)
  - UIImageColors (1.4.0)
  - WebLinking (2.0.0)

DEPENDENCIES:
  - Alamofire
  - BadgeSwift
  - Charts
  - CocoaLumberjack/Swift
  - Crashlytics
  - Eureka
  - Fabric
  - FBSDKCoreKit
  - FBSDKLoginKit
  - FBSDKShareKit
  - GzipSwift (from `https://github.com/1024jp/GzipSwift.git`)
  - KeychainAccess
  - Kingfisher
  - Mapbox-iOS-SDK
  - Mapbox-iOS-SDK-symbols (from `https://raw.githubusercontent.com/mapbox/mapbox-gl-native/ios-v3.6.3/platform/ios/Mapbox-iOS-SDK-symbols.podspec`)
  - Mixpanel-swift
  - OAuthSwift
  - OHHTTPStubs/Swift
  - Presentr
  - SwiftyJSON
  - UIImageColors
  - WebLinking

EXTERNAL SOURCES:
  GzipSwift:
    :git: https://github.com/1024jp/GzipSwift.git
  Mapbox-iOS-SDK-symbols:
    :podspec: https://raw.githubusercontent.com/mapbox/mapbox-gl-native/ios-v3.6.3/platform/ios/Mapbox-iOS-SDK-symbols.podspec

CHECKOUT OPTIONS:
  GzipSwift:
    :commit: 347cff84754b8e2aca3017b6805c0286693558b3
    :git: https://github.com/1024jp/GzipSwift.git

SPEC CHECKSUMS:
  Alamofire: dc44b1600b800eb63da6a19039a0083d62a6a62d
  BadgeSwift: 3defa56f504bfb46f2300122c4a565ec9e405c1e
  Bolts: 8a7995239dbe724f9cba2248b766d48b7ebdd322
  Charts: 236d6ccdd0ce6feae151d89e829a7397381a21fd
  CocoaLumberjack: 2800c03334042fe80589423c8d80e582dcaec482
  Crashlytics: 79e236942ca1e7fc641df1feb9a275360a78ab6a
  Eureka: c8bd5cc07143b6f66268c208d28a246c99b41955
  Fabric: 2fb5676bc811af011a04513451f463dac6803206
  FBSDKCoreKit: 39a3569652983bf8666620dd334804c9057ae9b2
  FBSDKLoginKit: 17092ff61a18c54ca423aebc18c5acc2e5a4a728
  FBSDKShareKit: 4f37934d9ee9500d2d35752595816dc35f967478
  GzipSwift: 616c07f4370200e7380766e19ecb15c45ea2ae6e
  KeychainAccess: a986406022dfc7c634c691ad3bec670cc6a32002
  Kingfisher: 9950e382c500b6834ce004c7c4131c444e90c3a1
  Mapbox-iOS-SDK: 27805cb5f36d2bffe732b1d392278f4e408d06d2
  Mapbox-iOS-SDK-symbols: c3a077d2d84ddde5e6a487eed5261a035808f3f4
  Mixpanel-swift: d0374c33e38a7f184203eef1c8eae64be54986ed
  OAuthSwift: 6e3a103b3e5639411769cc7e199ec7e14bd1547f
  OHHTTPStubs: 752f9b11fd810a15162d50f11c06ff94f8e012eb
  Presentr: a21c7bbb3532c8ff60320e235c0a4869e72f8885
  SwiftyJSON: c2842d878f95482ffceec5709abc3d05680c0220
  UIImageColors: 1f891e1a3224efebb01ad476df3a5aed4220ee24
  WebLinking: b476999d59f78bd6649e6754d60693a7d147b00c

PODFILE CHECKSUM: 33ec66faaf8eb9071c55d444c91732ece9b1beeb

COCOAPODS: 1.3.1
